// !$*UTF8*$!
{
	archiveVersion = 1;
	classes = {
	};
	objectVersion = 50;
	objects = {

/* Begin PBXBuildFile section */
		23E1BFD0226B4EC400EA6DBD /* AppDelegate.m in Sources */ = {isa = PBXBuildFile; fileRef = 23E1BFCF226B4EC400EA6DBD /* AppDelegate.m */; };
		23E1BFD8226B4EC500EA6DBD /* Assets.xcassets in Resources */ = {isa = PBXBuildFile; fileRef = 23E1BFD7226B4EC500EA6DBD /* Assets.xcassets */; };
		23E1BFDB226B4EC500EA6DBD /* LaunchScreen.storyboard in Resources */ = {isa = PBXBuildFile; fileRef = 23E1BFD9226B4EC500EA6DBD /* LaunchScreen.storyboard */; };
		23E1BFDE226B4EC500EA6DBD /* main.m in Sources */ = {isa = PBXBuildFile; fileRef = 23E1BFDD226B4EC500EA6DBD /* main.m */; };
		23E1BFE5226B68D000EA6DBD /* icon.bundle in Resources */ = {isa = PBXBuildFile; fileRef = 23E1BFE4226B68D000EA6DBD /* icon.bundle */; };
		9B99F8DCDEDE17D24E32174A /* libPods-NewsApp.a in Frameworks */ = {isa = PBXBuildFile; fileRef = A5A7EAD7A62FF47DD97E6988 /* libPods-NewsApp.a */; };
		BF8D049984CE3C3C8F323905 /* DetailViewController.m in Sources */ = {isa = PBXBuildFile; fileRef = BF8D03DD168D100510B75FEC /* DetailViewController.m */; };
		BF8D04BEC6BCE052E0CB77EB /* UIView+category.m in Sources */ = {isa = PBXBuildFile; fileRef = BF8D0753D9B5814853B37DC8 /* UIView+category.m */; };
		BF8D05C92F421560E3E358C3 /* MineViewController.m in Sources */ = {isa = PBXBuildFile; fileRef = BF8D073790FF0CA18329ED44 /* MineViewController.m */; };
		BF8D09530195FD941489553A /* HomeViewController.m in Sources */ = {isa = PBXBuildFile; fileRef = BF8D04C8ABB5BF476647A4BA /* HomeViewController.m */; };
		BF8D0A74D290BFE1F6D9B79F /* NewsTableViewCell.m in Sources */ = {isa = PBXBuildFile; fileRef = BF8D0FD92B97BFE5E741DD1A /* NewsTableViewCell.m */; };
		BF8D0B6855660D1CA271885B /* VideoViewController.m in Sources */ = {isa = PBXBuildFile; fileRef = BF8D03E8B9219D23C086D70E /* VideoViewController.m */; };
		BF8D0F8A11B59967E38C2B9C /* DislikeView.m in Sources */ = {isa = PBXBuildFile; fileRef = BF8D02D858F8FB62598ABFA3 /* DislikeView.m */; };
/* End PBXBuildFile section */

/* Begin PBXFileReference section */
		23E1BFCB226B4EC400EA6DBD /* NewsApp.app */ = {isa = PBXFileReference; explicitFileType = wrapper.application; includeInIndex = 0; path = NewsApp.app; sourceTree = BUILT_PRODUCTS_DIR; };
		23E1BFCE226B4EC400EA6DBD /* AppDelegate.h */ = {isa = PBXFileReference; lastKnownFileType = sourcecode.c.h; path = AppDelegate.h; sourceTree = "<group>"; };
		23E1BFCF226B4EC400EA6DBD /* AppDelegate.m */ = {isa = PBXFileReference; lastKnownFileType = sourcecode.c.objc; path = AppDelegate.m; sourceTree = "<group>"; };
		23E1BFD7226B4EC500EA6DBD /* Assets.xcassets */ = {isa = PBXFileReference; lastKnownFileType = folder.assetcatalog; path = Assets.xcassets; sourceTree = "<group>"; };
		23E1BFDA226B4EC500EA6DBD /* Base */ = {isa = PBXFileReference; lastKnownFileType = file.storyboard; name = Base; path = Base.lproj/LaunchScreen.storyboard; sourceTree = "<group>"; };
		23E1BFDC226B4EC500EA6DBD /* Info.plist */ = {isa = PBXFileReference; lastKnownFileType = text.plist.xml; path = Info.plist; sourceTree = "<group>"; };
		23E1BFDD226B4EC500EA6DBD /* main.m */ = {isa = PBXFileReference; lastKnownFileType = sourcecode.c.objc; path = main.m; sourceTree = "<group>"; };
		23E1BFE4226B68D000EA6DBD /* icon.bundle */ = {isa = PBXFileReference; lastKnownFileType = "wrapper.plug-in"; path = icon.bundle; sourceTree = "<group>"; };
		7AE1A8E3769ADA9314FD1B29 /* Pods-NewsApp.release.xcconfig */ = {isa = PBXFileReference; includeInIndex = 1; lastKnownFileType = text.xcconfig; name = "Pods-NewsApp.release.xcconfig"; path = "Target Support Files/Pods-NewsApp/Pods-NewsApp.release.xcconfig"; sourceTree = "<group>"; };
		A5A7EAD7A62FF47DD97E6988 /* libPods-NewsApp.a */ = {isa = PBXFileReference; explicitFileType = archive.ar; includeInIndex = 0; path = "libPods-NewsApp.a"; sourceTree = BUILT_PRODUCTS_DIR; };
		BF8D0026A19D1621C3056B86 /* UIView+category.h */ = {isa = PBXFileReference; fileEncoding = 4; lastKnownFileType = sourcecode.c.h; path = "UIView+category.h"; sourceTree = "<group>"; };
		BF8D029DD11DA1DF9F1FDC45 /* MineViewController.h */ = {isa = PBXFileReference; fileEncoding = 4; lastKnownFileType = sourcecode.c.h; path = MineViewController.h; sourceTree = "<group>"; };
		BF8D02D858F8FB62598ABFA3 /* DislikeView.m */ = {isa = PBXFileReference; fileEncoding = 4; lastKnownFileType = sourcecode.c.objc; path = DislikeView.m; sourceTree = "<group>"; };
		BF8D02F36BA395DA111FB430 /* HomeViewController.h */ = {isa = PBXFileReference; fileEncoding = 4; lastKnownFileType = sourcecode.c.h; path = HomeViewController.h; sourceTree = "<group>"; };
		BF8D032802E9AD22342718DA /* NewsTableViewCell.h */ = {isa = PBXFileReference; fileEncoding = 4; lastKnownFileType = sourcecode.c.h; path = NewsTableViewCell.h; sourceTree = "<group>"; };
		BF8D03DD168D100510B75FEC /* DetailViewController.m */ = {isa = PBXFileReference; fileEncoding = 4; lastKnownFileType = sourcecode.c.objc; path = DetailViewController.m; sourceTree = "<group>"; };
		BF8D03E8B9219D23C086D70E /* VideoViewController.m */ = {isa = PBXFileReference; fileEncoding = 4; lastKnownFileType = sourcecode.c.objc; path = VideoViewController.m; sourceTree = "<group>"; };
		BF8D04C8ABB5BF476647A4BA /* HomeViewController.m */ = {isa = PBXFileReference; fileEncoding = 4; lastKnownFileType = sourcecode.c.objc; path = HomeViewController.m; sourceTree = "<group>"; };
		BF8D073790FF0CA18329ED44 /* MineViewController.m */ = {isa = PBXFileReference; fileEncoding = 4; lastKnownFileType = sourcecode.c.objc; path = MineViewController.m; sourceTree = "<group>"; };
		BF8D0753D9B5814853B37DC8 /* UIView+category.m */ = {isa = PBXFileReference; fileEncoding = 4; lastKnownFileType = sourcecode.c.objc; path = "UIView+category.m"; sourceTree = "<group>"; };
		BF8D07CD33DE2F824964C126 /* DetailViewController.h */ = {isa = PBXFileReference; fileEncoding = 4; lastKnownFileType = sourcecode.c.h; path = DetailViewController.h; sourceTree = "<group>"; };
		BF8D092C1D4C0420C31AC65C /* VideoViewController.h */ = {isa = PBXFileReference; fileEncoding = 4; lastKnownFileType = sourcecode.c.h; path = VideoViewController.h; sourceTree = "<group>"; };
		BF8D0C0B0F95A38E7F880379 /* DislikeView.h */ = {isa = PBXFileReference; fileEncoding = 4; lastKnownFileType = sourcecode.c.h; path = DislikeView.h; sourceTree = "<group>"; };
		BF8D0FD92B97BFE5E741DD1A /* NewsTableViewCell.m */ = {isa = PBXFileReference; fileEncoding = 4; lastKnownFileType = sourcecode.c.objc; path = NewsTableViewCell.m; sourceTree = "<group>"; };
		F0062CE92AD4200B3D2BD69E /* Pods-NewsApp.debug.xcconfig */ = {isa = PBXFileReference; includeInIndex = 1; lastKnownFileType = text.xcconfig; name = "Pods-NewsApp.debug.xcconfig"; path = "Target Support Files/Pods-NewsApp/Pods-NewsApp.debug.xcconfig"; sourceTree = "<group>"; };
/* End PBXFileReference section */

/* Begin PBXFrameworksBuildPhase section */
		23E1BFC8226B4EC400EA6DBD /* Frameworks */ = {
			isa = PBXFrameworksBuildPhase;
			buildActionMask = 2147483647;
			files = (
				9B99F8DCDEDE17D24E32174A /* libPods-NewsApp.a in Frameworks */,
			);
			runOnlyForDeploymentPostprocessing = 0;
		};
/* End PBXFrameworksBuildPhase section */

/* Begin PBXGroup section */
		23E1BFC2226B4EC400EA6DBD = {
			isa = PBXGroup;
			children = (
				23E1BFCD226B4EC400EA6DBD /* NewsApp */,
				23E1BFCC226B4EC400EA6DBD /* Products */,
				D3033561CD11B862F75F0F3D /* Pods */,
				F44F9D727ECA41F672B78B8B /* Frameworks */,
			);
			sourceTree = "<group>";
		};
		23E1BFCC226B4EC400EA6DBD /* Products */ = {
			isa = PBXGroup;
			children = (
				23E1BFCB226B4EC400EA6DBD /* NewsApp.app */,
			);
			name = Products;
			sourceTree = "<group>";
		};
		23E1BFCD226B4EC400EA6DBD /* NewsApp */ = {
			isa = PBXGroup;
			children = (
				23E1BFE4226B68D000EA6DBD /* icon.bundle */,
				23E1BFCE226B4EC400EA6DBD /* AppDelegate.h */,
				23E1BFCF226B4EC400EA6DBD /* AppDelegate.m */,
				23E1BFD7226B4EC500EA6DBD /* Assets.xcassets */,
				23E1BFD9226B4EC500EA6DBD /* LaunchScreen.storyboard */,
				23E1BFDC226B4EC500EA6DBD /* Info.plist */,
				23E1BFDD226B4EC500EA6DBD /* main.m */,
				BF8D0768FDFB10E707E6DD27 /* Home */,
				BF8D0B186DA9278AC414B7A3 /* Video */,
				BF8D015068DFCEC4F9DFBDCF /* Mine */,
				BF8D018CEB5AA1F0D4A774C2 /* Category */,
				BF8D00812AE4D0E7E86A9A28 /* Detail */,
			);
			path = NewsApp;
			sourceTree = "<group>";
		};
		BF8D00812AE4D0E7E86A9A28 /* Detail */ = {
			isa = PBXGroup;
			children = (
				BF8D03DD168D100510B75FEC /* DetailViewController.m */,
				BF8D07CD33DE2F824964C126 /* DetailViewController.h */,
			);
			path = Detail;
			sourceTree = "<group>";
		};
		BF8D015068DFCEC4F9DFBDCF /* Mine */ = {
			isa = PBXGroup;
			children = (
				BF8D073790FF0CA18329ED44 /* MineViewController.m */,
				BF8D029DD11DA1DF9F1FDC45 /* MineViewController.h */,
			);
			path = Mine;
			sourceTree = "<group>";
		};
		BF8D018CEB5AA1F0D4A774C2 /* Category */ = {
			isa = PBXGroup;
			children = (
				BF8D0753D9B5814853B37DC8 /* UIView+category.m */,
				BF8D0026A19D1621C3056B86 /* UIView+category.h */,
			);
			path = Category;
			sourceTree = "<group>";
		};
		BF8D0768FDFB10E707E6DD27 /* Home */ = {
			isa = PBXGroup;
			children = (
				BF8D04C8ABB5BF476647A4BA /* HomeViewController.m */,
				BF8D02F36BA395DA111FB430 /* HomeViewController.h */,
				BF8D0FD92B97BFE5E741DD1A /* NewsTableViewCell.m */,
				BF8D032802E9AD22342718DA /* NewsTableViewCell.h */,
				BF8D02D858F8FB62598ABFA3 /* DislikeView.m */,
				BF8D0C0B0F95A38E7F880379 /* DislikeView.h */,
			);
			path = Home;
			sourceTree = "<group>";
		};
		BF8D0B186DA9278AC414B7A3 /* Video */ = {
			isa = PBXGroup;
			children = (
				BF8D092C1D4C0420C31AC65C /* VideoViewController.h */,
				BF8D03E8B9219D23C086D70E /* VideoViewController.m */,
			);
			path = Video;
			sourceTree = "<group>";
		};
		D3033561CD11B862F75F0F3D /* Pods */ = {
			isa = PBXGroup;
			children = (
				F0062CE92AD4200B3D2BD69E /* Pods-NewsApp.debug.xcconfig */,
				7AE1A8E3769ADA9314FD1B29 /* Pods-NewsApp.release.xcconfig */,
			);
			name = Pods;
			path = Pods;
			sourceTree = "<group>";
		};
		F44F9D727ECA41F672B78B8B /* Frameworks */ = {
			isa = PBXGroup;
			children = (
				A5A7EAD7A62FF47DD97E6988 /* libPods-NewsApp.a */,
			);
			name = Frameworks;
			sourceTree = "<group>";
		};
/* End PBXGroup section */

/* Begin PBXNativeTarget section */
		23E1BFCA226B4EC400EA6DBD /* NewsApp */ = {
			isa = PBXNativeTarget;
			buildConfigurationList = 23E1BFE1226B4EC500EA6DBD /* Build configuration list for PBXNativeTarget "NewsApp" */;
			buildPhases = (
				927AA9BC89A633BB2D781E06 /* [CP] Check Pods Manifest.lock */,
				23E1BFC7226B4EC400EA6DBD /* Sources */,
				23E1BFC8226B4EC400EA6DBD /* Frameworks */,
				23E1BFC9226B4EC400EA6DBD /* Resources */,
			);
			buildRules = (
			);
			dependencies = (
			);
			name = NewsApp;
			productName = NewsApp;
			productReference = 23E1BFCB226B4EC400EA6DBD /* NewsApp.app */;
			productType = "com.apple.product-type.application";
		};
/* End PBXNativeTarget section */

/* Begin PBXProject section */
		23E1BFC3226B4EC400EA6DBD /* Project object */ = {
			isa = PBXProject;
			attributes = {
				LastUpgradeCheck = 1010;
				ORGANIZATIONNAME = Masker;
				TargetAttributes = {
					23E1BFCA226B4EC400EA6DBD = {
						CreatedOnToolsVersion = 10.1;
					};
				};
			};
			buildConfigurationList = 23E1BFC6226B4EC400EA6DBD /* Build configuration list for PBXProject "NewsApp" */;
			compatibilityVersion = "Xcode 9.3";
			developmentRegion = en;
			hasScannedForEncodings = 0;
			knownRegions = (
				en,
				Base,
			);
			mainGroup = 23E1BFC2226B4EC400EA6DBD;
			productRefGroup = 23E1BFCC226B4EC400EA6DBD /* Products */;
			projectDirPath = "";
			projectRoot = "";
			targets = (
				23E1BFCA226B4EC400EA6DBD /* NewsApp */,
			);
		};
/* End PBXProject section */

/* Begin PBXResourcesBuildPhase section */
		23E1BFC9226B4EC400EA6DBD /* Resources */ = {
			isa = PBXResourcesBuildPhase;
			buildActionMask = 2147483647;
			files = (
				23E1BFDB226B4EC500EA6DBD /* LaunchScreen.storyboard in Resources */,
				23E1BFD8226B4EC500EA6DBD /* Assets.xcassets in Resources */,
				23E1BFE5226B68D000EA6DBD /* icon.bundle in Resources */,
			);
			runOnlyForDeploymentPostprocessing = 0;
		};
/* End PBXResourcesBuildPhase section */

/* Begin PBXShellScriptBuildPhase section */
		927AA9BC89A633BB2D781E06 /* [CP] Check Pods Manifest.lock */ = {
			isa = PBXShellScriptBuildPhase;
			buildActionMask = 2147483647;
			files = (
			);
			inputFileListPaths = (
			);
			inputPaths = (
				"${PODS_PODFILE_DIR_PATH}/Podfile.lock",
				"${PODS_ROOT}/Manifest.lock",
			);
			name = "[CP] Check Pods Manifest.lock";
			outputFileListPaths = (
			);
			outputPaths = (
				"$(DERIVED_FILE_DIR)/Pods-NewsApp-checkManifestLockResult.txt",
			);
			runOnlyForDeploymentPostprocessing = 0;
			shellPath = /bin/sh;
			shellScript = "diff \"${PODS_PODFILE_DIR_PATH}/Podfile.lock\" \"${PODS_ROOT}/Manifest.lock\" > /dev/null\nif [ $? != 0 ] ; then\n    # print error to STDERR\n    echo \"error: The sandbox is not in sync with the Podfile.lock. Run 'pod install' or update your CocoaPods installation.\" >&2\n    exit 1\nfi\n# This output is used by Xcode 'outputs' to avoid re-running this script phase.\necho \"SUCCESS\" > \"${SCRIPT_OUTPUT_FILE_0}\"\n";
			showEnvVarsInLog = 0;
		};
/* End PBXShellScriptBuildPhase section */

/* Begin PBXSourcesBuildPhase section */
		23E1BFC7226B4EC400EA6DBD /* Sources */ = {
			isa = PBXSourcesBuildPhase;
			buildActionMask = 2147483647;
			files = (
				23E1BFDE226B4EC500EA6DBD /* main.m in Sources */,
				23E1BFD0226B4EC400EA6DBD /* AppDelegate.m in Sources */,
				BF8D09530195FD941489553A /* HomeViewController.m in Sources */,
				BF8D0B6855660D1CA271885B /* VideoViewController.m in Sources */,
				BF8D05C92F421560E3E358C3 /* MineViewController.m in Sources */,
				BF8D0A74D290BFE1F6D9B79F /* NewsTableViewCell.m in Sources */,
				BF8D04BEC6BCE052E0CB77EB /* UIView+category.m in Sources */,
				BF8D049984CE3C3C8F323905 /* DetailViewController.m in Sources */,
				BF8D0F8A11B59967E38C2B9C /* DislikeView.m in Sources */,
			);
			runOnlyForDeploymentPostprocessing = 0;
		};
/* End PBXSourcesBuildPhase section */

/* Begin PBXVariantGroup section */
		23E1BFD9226B4EC500EA6DBD /* LaunchScreen.storyboard */ = {
			isa = PBXVariantGroup;
			children = (
				23E1BFDA226B4EC500EA6DBD /* Base */,
			);
			name = LaunchScreen.storyboard;
			sourceTree = "<group>";
		};
/* End PBXVariantGroup section */

/* Begin XCBuildConfiguration section */
		23E1BFDF226B4EC500EA6DBD /* Debug */ = {
			isa = XCBuildConfiguration;
			buildSettings = {
				ALWAYS_SEARCH_USER_PATHS = NO;
				CLANG_ANALYZER_NONNULL = YES;
				CLANG_ANALYZER_NUMBER_OBJECT_CONVERSION = YES_AGGRESSIVE;
				CLANG_CXX_LANGUAGE_STANDARD = "gnu++14";
				CLANG_CXX_LIBRARY = "libc++";
				CLANG_ENABLE_MODULES = YES;
				CLANG_ENABLE_OBJC_ARC = YES;
				CLANG_ENABLE_OBJC_WEAK = YES;
				CLANG_WARN_BLOCK_CAPTURE_AUTORELEASING = YES;
				CLANG_WARN_BOOL_CONVERSION = YES;
				CLANG_WARN_COMMA = YES;
				CLANG_WARN_CONSTANT_CONVERSION = YES;
				CLANG_WARN_DEPRECATED_OBJC_IMPLEMENTATIONS = YES;
				CLANG_WARN_DIRECT_OBJC_ISA_USAGE = YES_ERROR;
				CLANG_WARN_DOCUMENTATION_COMMENTS = YES;
				CLANG_WARN_EMPTY_BODY = YES;
				CLANG_WARN_ENUM_CONVERSION = YES;
				CLANG_WARN_INFINITE_RECURSION = YES;
				CLANG_WARN_INT_CONVERSION = YES;
				CLANG_WARN_NON_LITERAL_NULL_CONVERSION = YES;
				CLANG_WARN_OBJC_IMPLICIT_RETAIN_SELF = YES;
				CLANG_WARN_OBJC_LITERAL_CONVERSION = YES;
				CLANG_WARN_OBJC_ROOT_CLASS = YES_ERROR;
				CLANG_WARN_RANGE_LOOP_ANALYSIS = YES;
				CLANG_WARN_STRICT_PROTOTYPES = YES;
				CLANG_WARN_SUSPICIOUS_MOVE = YES;
				CLANG_WARN_UNGUARDED_AVAILABILITY = YES_AGGRESSIVE;
				CLANG_WARN_UNREACHABLE_CODE = YES;
				CLANG_WARN__DUPLICATE_METHOD_MATCH = YES;
				CODE_SIGN_IDENTITY = "iPhone Developer";
				COPY_PHASE_STRIP = NO;
				DEBUG_INFORMATION_FORMAT = dwarf;
				ENABLE_STRICT_OBJC_MSGSEND = YES;
				ENABLE_TESTABILITY = YES;
				GCC_C_LANGUAGE_STANDARD = gnu11;
				GCC_DYNAMIC_NO_PIC = NO;
				GCC_NO_COMMON_BLOCKS = YES;
				GCC_OPTIMIZATION_LEVEL = 0;
				GCC_PREPROCESSOR_DEFINITIONS = (
					"DEBUG=1",
					"$(inherited)",
				);
				GCC_WARN_64_TO_32_BIT_CONVERSION = YES;
				GCC_WARN_ABOUT_RETURN_TYPE = YES_ERROR;
				GCC_WARN_UNDECLARED_SELECTOR = YES;
				GCC_WARN_UNINITIALIZED_AUTOS = YES_AGGRESSIVE;
				GCC_WARN_UNUSED_FUNCTION = YES;
				GCC_WARN_UNUSED_VARIABLE = YES;
				IPHONEOS_DEPLOYMENT_TARGET = 12.1;
				MTL_ENABLE_DEBUG_INFO = INCLUDE_SOURCE;
				MTL_FAST_MATH = YES;
				ONLY_ACTIVE_ARCH = YES;
				SDKROOT = iphoneos;
			};
			name = Debug;
		};
		23E1BFE0226B4EC500EA6DBD /* Release */ = {
			isa = XCBuildConfiguration;
			buildSettings = {
				ALWAYS_SEARCH_USER_PATHS = NO;
				CLANG_ANALYZER_NONNULL = YES;
				CLANG_ANALYZER_NUMBER_OBJECT_CONVERSION = YES_AGGRESSIVE;
				CLANG_CXX_LANGUAGE_STANDARD = "gnu++14";
				CLANG_CXX_LIBRARY = "libc++";
				CLANG_ENABLE_MODULES = YES;
				CLANG_ENABLE_OBJC_ARC = YES;
				CLANG_ENABLE_OBJC_WEAK = YES;
				CLANG_WARN_BLOCK_CAPTURE_AUTORELEASING = YES;
				CLANG_WARN_BOOL_CONVERSION = YES;
				CLANG_WARN_COMMA = YES;
				CLANG_WARN_CONSTANT_CONVERSION = YES;
				CLANG_WARN_DEPRECATED_OBJC_IMPLEMENTATIONS = YES;
				CLANG_WARN_DIRECT_OBJC_ISA_USAGE = YES_ERROR;
				CLANG_WARN_DOCUMENTATION_COMMENTS = YES;
				CLANG_WARN_EMPTY_BODY = YES;
				CLANG_WARN_ENUM_CONVERSION = YES;
				CLANG_WARN_INFINITE_RECURSION = YES;
				CLANG_WARN_INT_CONVERSION = YES;
				CLANG_WARN_NON_LITERAL_NULL_CONVERSION = YES;
				CLANG_WARN_OBJC_IMPLICIT_RETAIN_SELF = YES;
				CLANG_WARN_OBJC_LITERAL_CONVERSION = YES;
				CLANG_WARN_OBJC_ROOT_CLASS = YES_ERROR;
				CLANG_WARN_RANGE_LOOP_ANALYSIS = YES;
				CLANG_WARN_STRICT_PROTOTYPES = YES;
				CLANG_WARN_SUSPICIOUS_MOVE = YES;
				CLANG_WARN_UNGUARDED_AVAILABILITY = YES_AGGRESSIVE;
				CLANG_WARN_UNREACHABLE_CODE = YES;
				CLANG_WARN__DUPLICATE_METHOD_MATCH = YES;
				CODE_SIGN_IDENTITY = "iPhone Developer";
				COPY_PHASE_STRIP = NO;
				DEBUG_INFORMATION_FORMAT = "dwarf-with-dsym";
				ENABLE_NS_ASSERTIONS = NO;
				ENABLE_STRICT_OBJC_MSGSEND = YES;
				GCC_C_LANGUAGE_STANDARD = gnu11;
				GCC_NO_COMMON_BLOCKS = YES;
				GCC_WARN_64_TO_32_BIT_CONVERSION = YES;
				GCC_WARN_ABOUT_RETURN_TYPE = YES_ERROR;
				GCC_WARN_UNDECLARED_SELECTOR = YES;
				GCC_WARN_UNINITIALIZED_AUTOS = YES_AGGRESSIVE;
				GCC_WARN_UNUSED_FUNCTION = YES;
				GCC_WARN_UNUSED_VARIABLE = YES;
				IPHONEOS_DEPLOYMENT_TARGET = 12.1;
				MTL_ENABLE_DEBUG_INFO = NO;
				MTL_FAST_MATH = YES;
				SDKROOT = iphoneos;
				VALIDATE_PRODUCT = YES;
			};
			name = Release;
		};
		23E1BFE2226B4EC500EA6DBD /* Debug */ = {
			isa = XCBuildConfiguration;
			baseConfigurationReference = F0062CE92AD4200B3D2BD69E /* Pods-NewsApp.debug.xcconfig */;
			buildSettings = {
				ASSETCATALOG_COMPILER_APPICON_NAME = AppIcon;
				CODE_SIGN_STYLE = Automatic;
				DEVELOPMENT_TEAM = F62CM52RDL;
				INFOPLIST_FILE = NewsApp/Info.plist;
				LD_RUNPATH_SEARCH_PATHS = (
					"$(inherited)",
					"@executable_path/Frameworks",
				);
				PRODUCT_BUNDLE_IDENTIFIER = com.masker.NewsApp;
				PRODUCT_NAME = "$(TARGET_NAME)";
				TARGETED_DEVICE_FAMILY = "1,2";
			};
			name = Debug;
		};
		23E1BFE3226B4EC500EA6DBD /* Release */ = {
			isa = XCBuildConfiguration;
			baseConfigurationReference = 7AE1A8E3769ADA9314FD1B29 /* Pods-NewsApp.release.xcconfig */;
			buildSettings = {
				ASSETCATALOG_COMPILER_APPICON_NAME = AppIcon;
				CODE_SIGN_STYLE = Automatic;
				DEVELOPMENT_TEAM = F62CM52RDL;
				INFOPLIST_FILE = NewsApp/Info.plist;
				LD_RUNPATH_SEARCH_PATHS = (
					"$(inherited)",
					"@executable_path/Frameworks",
				);
				PRODUCT_BUNDLE_IDENTIFIER = com.masker.NewsApp;
				PRODUCT_NAME = "$(TARGET_NAME)";
				TARGETED_DEVICE_FAMILY = "1,2";
			};
			name = Release;
		};
/* End XCBuildConfiguration section */

/* Begin XCConfigurationList section */
		23E1BFC6226B4EC400EA6DBD /* Build configuration list for PBXProject "NewsApp" */ = {
			isa = XCConfigurationList;
			buildConfigurations = (
				23E1BFDF226B4EC500EA6DBD /* Debug */,
				23E1BFE0226B4EC500EA6DBD /* Release */,
			);
			defaultConfigurationIsVisible = 0;
			defaultConfigurationName = Release;
		};
		23E1BFE1226B4EC500EA6DBD /* Build configuration list for PBXNativeTarget "NewsApp" */ = {
			isa = XCConfigurationList;
			buildConfigurations = (
				23E1BFE2226B4EC500EA6DBD /* Debug */,
				23E1BFE3226B4EC500EA6DBD /* Release */,
			);
			defaultConfigurationIsVisible = 0;
			defaultConfigurationName = Release;
		};
/* End XCConfigurationList section */
	};
	rootObject = 23E1BFC3226B4EC400EA6DBD /* Project object */;
}
