// !$*UTF8*$!
{
	archiveVersion = 1;
	classes = {
	};
	objectVersion = 50;
	objects = {

/* Begin PBXBuildFile section */
		2392BB29226C4A0D00296489 /* HomeViewController.m in Sources */ = {isa = PBXBuildFile; fileRef = 2392BB28226C4A0D00296489 /* HomeViewController.m */; };
		23E1BFD0226B4EC400EA6DBD /* AppDelegate.m in Sources */ = {isa = PBXBuildFile; fileRef = 23E1BFCF226B4EC400EA6DBD /* AppDelegate.m */; };
		23E1BFD8226B4EC500EA6DBD /* Assets.xcassets in Resources */ = {isa = PBXBuildFile; fileRef = 23E1BFD7226B4EC500EA6DBD /* Assets.xcassets */; };
		23E1BFDB226B4EC500EA6DBD /* LaunchScreen.storyboard in Resources */ = {isa = PBXBuildFile; fileRef = 23E1BFD9226B4EC500EA6DBD /* LaunchScreen.storyboard */; };
		23E1BFDE226B4EC500EA6DBD /* main.m in Sources */ = {isa = PBXBuildFile; fileRef = 23E1BFDD226B4EC500EA6DBD /* main.m */; };
		23E1BFE5226B68D000EA6DBD /* icon.bundle in Resources */ = {isa = PBXBuildFile; fileRef = 23E1BFE4226B68D000EA6DBD /* icon.bundle */; };
		BF8D0AFCF1EA09B98FEDAC6B /* MineViewController.m in Sources */ = {isa = PBXBuildFile; fileRef = BF8D033376D9417AA5455ADC /* MineViewController.m */; };
		BF8D0E29212DCB14D2D211A4 /* VideoViewController.m in Sources */ = {isa = PBXBuildFile; fileRef = BF8D06F1035CF132944638BE /* VideoViewController.m */; };
/* End PBXBuildFile section */

/* Begin PBXFileReference section */
		2392BB27226C4A0D00296489 /* HomeViewController.h */ = {isa = PBXFileReference; lastKnownFileType = sourcecode.c.h; path = HomeViewController.h; sourceTree = "<group>"; };
		2392BB28226C4A0D00296489 /* HomeViewController.m */ = {isa = PBXFileReference; lastKnownFileType = sourcecode.c.objc; path = HomeViewController.m; sourceTree = "<group>"; };
		23E1BFCB226B4EC400EA6DBD /* NewsApp.app */ = {isa = PBXFileReference; explicitFileType = wrapper.application; includeInIndex = 0; path = NewsApp.app; sourceTree = BUILT_PRODUCTS_DIR; };
		23E1BFCE226B4EC400EA6DBD /* AppDelegate.h */ = {isa = PBXFileReference; lastKnownFileType = sourcecode.c.h; path = AppDelegate.h; sourceTree = "<group>"; };
		23E1BFCF226B4EC400EA6DBD /* AppDelegate.m */ = {isa = PBXFileReference; lastKnownFileType = sourcecode.c.objc; path = AppDelegate.m; sourceTree = "<group>"; };
		23E1BFD7226B4EC500EA6DBD /* Assets.xcassets */ = {isa = PBXFileReference; lastKnownFileType = folder.assetcatalog; path = Assets.xcassets; sourceTree = "<group>"; };
		23E1BFDA226B4EC500EA6DBD /* Base */ = {isa = PBXFileReference; lastKnownFileType = file.storyboard; name = Base; path = Base.lproj/LaunchScreen.storyboard; sourceTree = "<group>"; };
		23E1BFDC226B4EC500EA6DBD /* Info.plist */ = {isa = PBXFileReference; lastKnownFileType = text.plist.xml; path = Info.plist; sourceTree = "<group>"; };
		23E1BFDD226B4EC500EA6DBD /* main.m */ = {isa = PBXFileReference; lastKnownFileType = sourcecode.c.objc; path = main.m; sourceTree = "<group>"; };
		23E1BFE4226B68D000EA6DBD /* icon.bundle */ = {isa = PBXFileReference; lastKnownFileType = "wrapper.plug-in"; path = icon.bundle; sourceTree = "<group>"; };
		BF8D033376D9417AA5455ADC /* MineViewController.m */ = {isa = PBXFileReference; fileEncoding = 4; lastKnownFileType = sourcecode.c.objc; path = MineViewController.m; sourceTree = "<group>"; };
		BF8D06F1035CF132944638BE /* VideoViewController.m */ = {isa = PBXFileReference; fileEncoding = 4; lastKnownFileType = sourcecode.c.objc; path = VideoViewController.m; sourceTree = "<group>"; };
		BF8D08623FB66E1730B00ADB /* MineViewController.h */ = {isa = PBXFileReference; fileEncoding = 4; lastKnownFileType = sourcecode.c.h; path = MineViewController.h; sourceTree = "<group>"; };
		BF8D0A21EAC90D8EF0E7F361 /* VideoViewController.h */ = {isa = PBXFileReference; fileEncoding = 4; lastKnownFileType = sourcecode.c.h; path = VideoViewController.h; sourceTree = "<group>"; };
/* End PBXFileReference section */

/* Begin PBXFrameworksBuildPhase section */
		23E1BFC8226B4EC400EA6DBD /* Frameworks */ = {
			isa = PBXFrameworksBuildPhase;
			buildActionMask = 2147483647;
			files = (
			);
			runOnlyForDeploymentPostprocessing = 0;
		};
/* End PBXFrameworksBuildPhase section */

/* Begin PBXGroup section */
		23E1BFC2226B4EC400EA6DBD = {
			isa = PBXGroup;
			children = (
				23E1BFCD226B4EC400EA6DBD /* NewsApp */,
				23E1BFCC226B4EC400EA6DBD /* Products */,
			);
			sourceTree = "<group>";
		};
		23E1BFCC226B4EC400EA6DBD /* Products */ = {
			isa = PBXGroup;
			children = (
				23E1BFCB226B4EC400EA6DBD /* NewsApp.app */,
			);
			name = Products;
			sourceTree = "<group>";
		};
		23E1BFCD226B4EC400EA6DBD /* NewsApp */ = {
			isa = PBXGroup;
			children = (
				23E1BFE4226B68D000EA6DBD /* icon.bundle */,
				23E1BFCE226B4EC400EA6DBD /* AppDelegate.h */,
				23E1BFCF226B4EC400EA6DBD /* AppDelegate.m */,
				23E1BFD7226B4EC500EA6DBD /* Assets.xcassets */,
				23E1BFD9226B4EC500EA6DBD /* LaunchScreen.storyboard */,
				23E1BFDC226B4EC500EA6DBD /* Info.plist */,
				23E1BFDD226B4EC500EA6DBD /* main.m */,
				2392BB27226C4A0D00296489 /* HomeViewController.h */,
				2392BB28226C4A0D00296489 /* HomeViewController.m */,
				BF8D06F1035CF132944638BE /* VideoViewController.m */,
				BF8D0A21EAC90D8EF0E7F361 /* VideoViewController.h */,
				BF8D033376D9417AA5455ADC /* MineViewController.m */,
				BF8D08623FB66E1730B00ADB /* MineViewController.h */,
			);
			path = NewsApp;
			sourceTree = "<group>";
		};
/* End PBXGroup section */

/* Begin PBXNativeTarget section */
		23E1BFCA226B4EC400EA6DBD /* NewsApp */ = {
			isa = PBXNativeTarget;
			buildConfigurationList = 23E1BFE1226B4EC500EA6DBD /* Build configuration list for PBXNativeTarget "NewsApp" */;
			buildPhases = (
				23E1BFC7226B4EC400EA6DBD /* Sources */,
				23E1BFC8226B4EC400EA6DBD /* Frameworks */,
				23E1BFC9226B4EC400EA6DBD /* Resources */,
			);
			buildRules = (
			);
			dependencies = (
			);
			name = NewsApp;
			productName = NewsApp;
			productReference = 23E1BFCB226B4EC400EA6DBD /* NewsApp.app */;
			productType = "com.apple.product-type.application";
		};
/* End PBXNativeTarget section */

/* Begin PBXProject section */
		23E1BFC3226B4EC400EA6DBD /* Project object */ = {
			isa = PBXProject;
			attributes = {
				LastUpgradeCheck = 1010;
				ORGANIZATIONNAME = Masker;
				TargetAttributes = {
					23E1BFCA226B4EC400EA6DBD = {
						CreatedOnToolsVersion = 10.1;
					};
				};
			};
			buildConfigurationList = 23E1BFC6226B4EC400EA6DBD /* Build configuration list for PBXProject "NewsApp" */;
			compatibilityVersion = "Xcode 9.3";
			developmentRegion = en;
			hasScannedForEncodings = 0;
			knownRegions = (
				en,
				Base,
			);
			mainGroup = 23E1BFC2226B4EC400EA6DBD;
			productRefGroup = 23E1BFCC226B4EC400EA6DBD /* Products */;
			projectDirPath = "";
			projectRoot = "";
			targets = (
				23E1BFCA226B4EC400EA6DBD /* NewsApp */,
			);
		};
/* End PBXProject section */

/* Begin PBXResourcesBuildPhase section */
		23E1BFC9226B4EC400EA6DBD /* Resources */ = {
			isa = PBXResourcesBuildPhase;
			buildActionMask = 2147483647;
			files = (
				23E1BFDB226B4EC500EA6DBD /* LaunchScreen.storyboard in Resources */,
				23E1BFD8226B4EC500EA6DBD /* Assets.xcassets in Resources */,
				23E1BFE5226B68D000EA6DBD /* icon.bundle in Resources */,
			);
			runOnlyForDeploymentPostprocessing = 0;
		};
/* End PBXResourcesBuildPhase section */

/* Begin PBXSourcesBuildPhase section */
		23E1BFC7226B4EC400EA6DBD /* Sources */ = {
			isa = PBXSourcesBuildPhase;
			buildActionMask = 2147483647;
			files = (
				23E1BFDE226B4EC500EA6DBD /* main.m in Sources */,
				23E1BFD0226B4EC400EA6DBD /* AppDelegate.m in Sources */,
				2392BB29226C4A0D00296489 /* HomeViewController.m in Sources */,
				BF8D0E29212DCB14D2D211A4 /* VideoViewController.m in Sources */,
				BF8D0AFCF1EA09B98FEDAC6B /* MineViewController.m in Sources */,
			);
			runOnlyForDeploymentPostprocessing = 0;
		};
/* End PBXSourcesBuildPhase section */

/* Begin PBXVariantGroup section */
		23E1BFD9226B4EC500EA6DBD /* LaunchScreen.storyboard */ = {
			isa = PBXVariantGroup;
			children = (
				23E1BFDA226B4EC500EA6DBD /* Base */,
			);
			name = LaunchScreen.storyboard;
			sourceTree = "<group>";
		};
/* End PBXVariantGroup section */

/* Begin XCBuildConfiguration section */
		23E1BFDF226B4EC500EA6DBD /* Debug */ = {
			isa = XCBuildConfiguration;
			buildSettings = {
				ALWAYS_SEARCH_USER_PATHS = NO;
				CLANG_ANALYZER_NONNULL = YES;
				CLANG_ANALYZER_NUMBER_OBJECT_CONVERSION = YES_AGGRESSIVE;
				CLANG_CXX_LANGUAGE_STANDARD = "gnu++14";
				CLANG_CXX_LIBRARY = "libc++";
				CLANG_ENABLE_MODULES = YES;
				CLANG_ENABLE_OBJC_ARC = YES;
				CLANG_ENABLE_OBJC_WEAK = YES;
				CLANG_WARN_BLOCK_CAPTURE_AUTORELEASING = YES;
				CLANG_WARN_BOOL_CONVERSION = YES;
				CLANG_WARN_COMMA = YES;
				CLANG_WARN_CONSTANT_CONVERSION = YES;
				CLANG_WARN_DEPRECATED_OBJC_IMPLEMENTATIONS = YES;
				CLANG_WARN_DIRECT_OBJC_ISA_USAGE = YES_ERROR;
				CLANG_WARN_DOCUMENTATION_COMMENTS = YES;
				CLANG_WARN_EMPTY_BODY = YES;
				CLANG_WARN_ENUM_CONVERSION = YES;
				CLANG_WARN_INFINITE_RECURSION = YES;
				CLANG_WARN_INT_CONVERSION = YES;
				CLANG_WARN_NON_LITERAL_NULL_CONVERSION = YES;
				CLANG_WARN_OBJC_IMPLICIT_RETAIN_SELF = YES;
				CLANG_WARN_OBJC_LITERAL_CONVERSION = YES;
				CLANG_WARN_OBJC_ROOT_CLASS = YES_ERROR;
				CLANG_WARN_RANGE_LOOP_ANALYSIS = YES;
				CLANG_WARN_STRICT_PROTOTYPES = YES;
				CLANG_WARN_SUSPICIOUS_MOVE = YES;
				CLANG_WARN_UNGUARDED_AVAILABILITY = YES_AGGRESSIVE;
				CLANG_WARN_UNREACHABLE_CODE = YES;
				CLANG_WARN__DUPLICATE_METHOD_MATCH = YES;
				CODE_SIGN_IDENTITY = "iPhone Developer";
				COPY_PHASE_STRIP = NO;
				DEBUG_INFORMATION_FORMAT = dwarf;
				ENABLE_STRICT_OBJC_MSGSEND = YES;
				ENABLE_TESTABILITY = YES;
				GCC_C_LANGUAGE_STANDARD = gnu11;
				GCC_DYNAMIC_NO_PIC = NO;
				GCC_NO_COMMON_BLOCKS = YES;
				GCC_OPTIMIZATION_LEVEL = 0;
				GCC_PREPROCESSOR_DEFINITIONS = (
					"DEBUG=1",
					"$(inherited)",
				);
				GCC_WARN_64_TO_32_BIT_CONVERSION = YES;
				GCC_WARN_ABOUT_RETURN_TYPE = YES_ERROR;
				GCC_WARN_UNDECLARED_SELECTOR = YES;
				GCC_WARN_UNINITIALIZED_AUTOS = YES_AGGRESSIVE;
				GCC_WARN_UNUSED_FUNCTION = YES;
				GCC_WARN_UNUSED_VARIABLE = YES;
				IPHONEOS_DEPLOYMENT_TARGET = 12.1;
				MTL_ENABLE_DEBUG_INFO = INCLUDE_SOURCE;
				MTL_FAST_MATH = YES;
				ONLY_ACTIVE_ARCH = YES;
				SDKROOT = iphoneos;
			};
			name = Debug;
		};
		23E1BFE0226B4EC500EA6DBD /* Release */ = {
			isa = XCBuildConfiguration;
			buildSettings = {
				ALWAYS_SEARCH_USER_PATHS = NO;
				CLANG_ANALYZER_NONNULL = YES;
				CLANG_ANALYZER_NUMBER_OBJECT_CONVERSION = YES_AGGRESSIVE;
				CLANG_CXX_LANGUAGE_STANDARD = "gnu++14";
				CLANG_CXX_LIBRARY = "libc++";
				CLANG_ENABLE_MODULES = YES;
				CLANG_ENABLE_OBJC_ARC = YES;
				CLANG_ENABLE_OBJC_WEAK = YES;
				CLANG_WARN_BLOCK_CAPTURE_AUTORELEASING = YES;
				CLANG_WARN_BOOL_CONVERSION = YES;
				CLANG_WARN_COMMA = YES;
				CLANG_WARN_CONSTANT_CONVERSION = YES;
				CLANG_WARN_DEPRECATED_OBJC_IMPLEMENTATIONS = YES;
				CLANG_WARN_DIRECT_OBJC_ISA_USAGE = YES_ERROR;
				CLANG_WARN_DOCUMENTATION_COMMENTS = YES;
				CLANG_WARN_EMPTY_BODY = YES;
				CLANG_WARN_ENUM_CONVERSION = YES;
				CLANG_WARN_INFINITE_RECURSION = YES;
				CLANG_WARN_INT_CONVERSION = YES;
				CLANG_WARN_NON_LITERAL_NULL_CONVERSION = YES;
				CLANG_WARN_OBJC_IMPLICIT_RETAIN_SELF = YES;
				CLANG_WARN_OBJC_LITERAL_CONVERSION = YES;
				CLANG_WARN_OBJC_ROOT_CLASS = YES_ERROR;
				CLANG_WARN_RANGE_LOOP_ANALYSIS = YES;
				CLANG_WARN_STRICT_PROTOTYPES = YES;
				CLANG_WARN_SUSPICIOUS_MOVE = YES;
				CLANG_WARN_UNGUARDED_AVAILABILITY = YES_AGGRESSIVE;
				CLANG_WARN_UNREACHABLE_CODE = YES;
				CLANG_WARN__DUPLICATE_METHOD_MATCH = YES;
				CODE_SIGN_IDENTITY = "iPhone Developer";
				COPY_PHASE_STRIP = NO;
				DEBUG_INFORMATION_FORMAT = "dwarf-with-dsym";
				ENABLE_NS_ASSERTIONS = NO;
				ENABLE_STRICT_OBJC_MSGSEND = YES;
				GCC_C_LANGUAGE_STANDARD = gnu11;
				GCC_NO_COMMON_BLOCKS = YES;
				GCC_WARN_64_TO_32_BIT_CONVERSION = YES;
				GCC_WARN_ABOUT_RETURN_TYPE = YES_ERROR;
				GCC_WARN_UNDECLARED_SELECTOR = YES;
				GCC_WARN_UNINITIALIZED_AUTOS = YES_AGGRESSIVE;
				GCC_WARN_UNUSED_FUNCTION = YES;
				GCC_WARN_UNUSED_VARIABLE = YES;
				IPHONEOS_DEPLOYMENT_TARGET = 12.1;
				MTL_ENABLE_DEBUG_INFO = NO;
				MTL_FAST_MATH = YES;
				SDKROOT = iphoneos;
				VALIDATE_PRODUCT = YES;
			};
			name = Release;
		};
		23E1BFE2226B4EC500EA6DBD /* Debug */ = {
			isa = XCBuildConfiguration;
			buildSettings = {
				ASSETCATALOG_COMPILER_APPICON_NAME = AppIcon;
				CODE_SIGN_STYLE = Automatic;
				DEVELOPMENT_TEAM = F62CM52RDL;
				INFOPLIST_FILE = NewsApp/Info.plist;
				LD_RUNPATH_SEARCH_PATHS = (
					"$(inherited)",
					"@executable_path/Frameworks",
				);
				PRODUCT_BUNDLE_IDENTIFIER = com.masker.NewsApp;
				PRODUCT_NAME = "$(TARGET_NAME)";
				TARGETED_DEVICE_FAMILY = "1,2";
			};
			name = Debug;
		};
		23E1BFE3226B4EC500EA6DBD /* Release */ = {
			isa = XCBuildConfiguration;
			buildSettings = {
				ASSETCATALOG_COMPILER_APPICON_NAME = AppIcon;
				CODE_SIGN_STYLE = Automatic;
				DEVELOPMENT_TEAM = F62CM52RDL;
				INFOPLIST_FILE = NewsApp/Info.plist;
				LD_RUNPATH_SEARCH_PATHS = (
					"$(inherited)",
					"@executable_path/Frameworks",
				);
				PRODUCT_BUNDLE_IDENTIFIER = com.masker.NewsApp;
				PRODUCT_NAME = "$(TARGET_NAME)";
				TARGETED_DEVICE_FAMILY = "1,2";
			};
			name = Release;
		};
/* End XCBuildConfiguration section */

/* Begin XCConfigurationList section */
		23E1BFC6226B4EC400EA6DBD /* Build configuration list for PBXProject "NewsApp" */ = {
			isa = XCConfigurationList;
			buildConfigurations = (
				23E1BFDF226B4EC500EA6DBD /* Debug */,
				23E1BFE0226B4EC500EA6DBD /* Release */,
			);
			defaultConfigurationIsVisible = 0;
			defaultConfigurationName = Release;
		};
		23E1BFE1226B4EC500EA6DBD /* Build configuration list for PBXNativeTarget "NewsApp" */ = {
			isa = XCConfigurationList;
			buildConfigurations = (
				23E1BFE2226B4EC500EA6DBD /* Debug */,
				23E1BFE3226B4EC500EA6DBD /* Release */,
			);
			defaultConfigurationIsVisible = 0;
			defaultConfigurationName = Release;
		};
/* End XCConfigurationList section */
	};
	rootObject = 23E1BFC3226B4EC400EA6DBD /* Project object */;
}
